schema: '2.0'
stages:
  data_ingestion:
    cmd: python src/cnnClassifier/pipeline/stage_01_data_ingestion.py
    deps:
    - path: config/config.yaml
      hash: md5
      md5: 89af874b4bbe930c3bb732d34395cd7b
      size: 586
    - path: src/cnnClassifier/pipeline/stage_01_data_ingestion.py
      hash: md5
      md5: 7e21c35ffa3f6f014c73712b75f4a600
      size: 893
    outs:
    - path: artifacts/data_ingestion/kidney-ct-scan-image
      hash: md5
      md5: 33ed59dbe5dec8ce2bb8e489b55203e4.dir
      size: 58936381
      nfiles: 465
  prepare_base_model:
    cmd: python src/cnnClassifier/pipeline/stage_02_prepare_base_model.py
    deps:
    - path: config/config.yaml
      hash: md5
      md5: 89af874b4bbe930c3bb732d34395cd7b
      size: 586
    - path: src/cnnClassifier/pipeline/stage_02_prepare_base_model.py
      hash: md5
      md5: bcdddb55a25f1431aafb9227c1e00386
      size: 950
    params:
      params.yaml:
        CLASSES: 2
        IMAGE_SIZE:
        - 224
        - 224
        - 3
        INCLUDE_TOP: false
        LEARNING_RATE: 0.01
        WEIGHTS: imagenet
    outs:
    - path: artifacts/prepare_base_model
      hash: md5
      md5: 507b064f0864582295bd21cfe2e60c28.dir
      size: 118054560
      nfiles: 2
  training:
    cmd: python src/cnnClassifier/pipeline/stage_03_model_training.py
    deps:
    - path: artifacts/data_ingestion/kidney-ct-scan-image
      hash: md5
      md5: 33ed59dbe5dec8ce2bb8e489b55203e4.dir
      size: 58936381
      nfiles: 465
    - path: artifacts/prepare_base_model
      hash: md5
      md5: 507b064f0864582295bd21cfe2e60c28.dir
      size: 118054560
      nfiles: 2
    - path: config/config.yaml
      hash: md5
      md5: 89af874b4bbe930c3bb732d34395cd7b
      size: 586
    - path: src/cnnClassifier/pipeline/stage_03_model_training.py
      hash: md5
      md5: ce0ecd434007ceb2df0f8f8b3f00dcbc
      size: 988
    params:
      params.yaml:
        AUGMENTATION: true
        BATCH_SIZE: 16
        EPOCHS: 1
        IMAGE_SIZE:
        - 224
        - 224
        - 3
    outs:
    - path: artifacts/training/model.h5
      hash: md5
      md5: 50af65a59d2986959d678d06815cfb34
      size: 59337520
  evaluation:
    cmd: python src/cnnClassifier/pipeline/stage_04_model_evaluation.py
    deps:
    - path: artifacts/data_ingestion/kidney-ct-scan-image
      hash: md5
      md5: 33ed59dbe5dec8ce2bb8e489b55203e4.dir
      size: 58936381
      nfiles: 465
    - path: artifacts/training/model.h5
      hash: md5
      md5: 50af65a59d2986959d678d06815cfb34
      size: 59337520
    - path: config/config.yaml
      hash: md5
      md5: 89af874b4bbe930c3bb732d34395cd7b
      size: 586
    - path: src/cnnClassifier/pipeline/stage_04_model_evaluation.py
      hash: md5
      md5: e7405515670a79c9ed739630f9a6f1da
      size: 904
    params:
      params.yaml:
        BATCH_SIZE: 16
        IMAGE_SIZE:
        - 224
        - 224
        - 3
    outs:
    - path: scores.json
      hash: md5
      md5: 6ca24e24b0402fb3568348b328b2a1f0
      size: 72
